
Microsoft Visual Studio Solution File, Format Version 12.00
# Visual Studio Version 16
VisualStudioVersion = 16.0.30804.86
MinimumVisualStudioVersion = 10.0.40219.1
Project("{FAE04EC0-301F-11D3-BF4B-00C04F79EFBC}") = "swap", "swap\swap.csproj", "{08A18735-6469-4290-9239-5FC88B7F1BE8}"
EndProject
Global
	GlobalSection(SolutionConfigurationPlatforms) = preSolution
		Debug|Any CPU = Debug|Any CPU
		Release|Any CPU = Release|Any CPU
	EndGlobalSection
	GlobalSection(ProjectConfigurationPlatforms) = postSolution
		{08A18735-6469-4290-9239-5FC88B7F1BE8}.Debug|Any CPU.ActiveCfg = Debug|Any CPU
		{08A18735-6469-4290-9239-5FC88B7F1BE8}.Debug|Any CPU.Build.0 = Debug|Any CPU
		{08A18735-6469-4290-9239-5FC88B7F1BE8}.Release|Any CPU.ActiveCfg = Release|Any CPU
		{08A18735-6469-4290-9239-5FC88B7F1BE8}.Release|Any CPU.Build.0 = Release|Any CPU
	EndGlobalSection
	GlobalSection(SolutionProperties) = preSolution
		HideSolutionNode = FALSE
	EndGlobalSection
	GlobalSection(ExtensibilityGlobals) = postSolution
		SolutionGuid = {113404C8-9017-4524-8180-C007E435115A}
	EndGlobalSection
EndGlobal
